
Microsoft Visual Studio Solution File, Format Version 12.00
# Visual Studio 15
VisualStudioVersion = 15.0.28010.2036
MinimumVisualStudioVersion = 10.0.40219.1
Project("{8BC9CEB8-8B4A-11D0-8D11-00A0C91BC942}") = "Informatikalaba2zad2", "Informatikalaba2zad2\Informatikalaba2zad2.vcxproj", "{B35EE56D-F915-42DE-9098-AD7EF13A238C}"
EndProject
Global
	GlobalSection(SolutionConfigurationPlatforms) = preSolution
		Debug|x64 = Debug|x64
		Debug|x86 = Debug|x86
		Release|x64 = Release|x64
		Release|x86 = Release|x86
	EndGlobalSection
	GlobalSection(ProjectConfigurationPlatforms) = postSolution
		{B35EE56D-F915-42DE-9098-AD7EF13A238C}.Debug|x64.ActiveCfg = Debug|x64
		{B35EE56D-F915-42DE-9098-AD7EF13A238C}.Debug|x64.Build.0 = Debug|x64
		{B35EE56D-F915-42DE-9098-AD7EF13A238C}.Debug|x86.ActiveCfg = Debug|Win32
		{B35EE56D-F915-42DE-9098-AD7EF13A238C}.Debug|x86.Build.0 = Debug|Win32
		{B35EE56D-F915-42DE-9098-AD7EF13A238C}.Release|x64.ActiveCfg = Release|x64
		{B35EE56D-F915-42DE-9098-AD7EF13A238C}.Release|x64.Build.0 = Release|x64
		{B35EE56D-F915-42DE-9098-AD7EF13A238C}.Release|x86.ActiveCfg = Release|Win32
		{B35EE56D-F915-42DE-9098-AD7EF13A238C}.Release|x86.Build.0 = Release|Win32
	EndGlobalSection
	GlobalSection(SolutionProperties) = preSolution
		HideSolutionNode = FALSE
	EndGlobalSection
	GlobalSection(ExtensibilityGlobals) = postSolution
		SolutionGuid = {9ECCE7DB-C827-474C-8E8E-1F5B70544EAA}
	EndGlobalSection
EndGlobal
